
Microsoft Visual Studio Solution File, Format Version 10.00
# Visual Studio 2008
Project("{FAE04EC0-301F-11D3-BF4B-00C04F79EFBC}") = "TPJC", "TPJC\TPJC.csproj", "{533B259A-1EDB-4AC4-8833-68F009A2EA89}"
EndProject
Global
	GlobalSection(SolutionConfigurationPlatforms) = preSolution
		Debug|Any CPU = Debug|Any CPU
		Release|Any CPU = Release|Any CPU
	EndGlobalSection
	GlobalSection(ProjectConfigurationPlatforms) = postSolution
		{533B259A-1EDB-4AC4-8833-68F009A2EA89}.Debug|Any CPU.ActiveCfg = Debug|Any CPU
		{533B259A-1EDB-4AC4-8833-68F009A2EA89}.Debug|Any CPU.Build.0 = Debug|Any CPU
		{533B259A-1EDB-4AC4-8833-68F009A2EA89}.Release|Any CPU.ActiveCfg = Release|Any CPU
		{533B259A-1EDB-4AC4-8833-68F009A2EA89}.Release|Any CPU.Build.0 = Release|Any CPU
	EndGlobalSection
	GlobalSection(SolutionProperties) = preSolution
		HideSolutionNode = FALSE
	EndGlobalSection
EndGlobal
